<?xml version="1.0" encoding="utf-8"?>
<Project ToolsVersion="4.0" xmlns="http://schemas.microsoft.com/developer/msbuild/2003">
  <ItemGroup>
    <Filter Include="Scene">
      <UniqueIdentifier>{df3a468a-a1af-47b9-bd35-b9a0b2559481}</UniqueIdentifier>
    </Filter>
    <Filter Include="Geometry">
      <UniqueIdentifier>{c1abfb2f-2c72-43f0-8da1-f8ecc9ce387d}</UniqueIdentifier>
    </Filter>
    <Filter Include="Light">
      <UniqueIdentifier>{682fbd8e-6554-462f-9583-04eac6967bac}</UniqueIdentifier>
    </Filter>
    <Filter Include="Material">
      <UniqueIdentifier>{eab63586-691c-4470-8bdf-bc58db9d18f0}</UniqueIdentifier>
    </Filter>
    <Filter Include="Simulator">
      <UniqueIdentifier>{107158c7-3c32-4b17-b562-0579059722b3}</UniqueIdentifier>
    </Filter>
    <Filter Include="Simulator\inc">
      <UniqueIdentifier>{a3050bde-0baa-4b19-9514-952f2df7b3f9}</UniqueIdentifier>
    </Filter>
    <Filter Include="GraphicLib">
      <UniqueIdentifier>{cfde644b-fa79-4405-a919-33b0859db9e2}</UniqueIdentifier>
    </Filter>
    <Filter Include="Simulator\ViewWindow">
      <UniqueIdentifier>{7906cf38-bbf7-4530-92ab-84cdf95503a5}</UniqueIdentifier>
    </Filter>
    <Filter Include="Scene\inc">
      <UniqueIdentifier>{8d150489-16c6-459b-92ed-3ae79baa3f6c}</UniqueIdentifier>
    </Filter>
    <Filter Include="Material\inc">
      <UniqueIdentifier>{21a2b84a-9282-4f55-be8a-7f80f1d7361b}</UniqueIdentifier>
    </Filter>
    <Filter Include="Light\inc">
      <UniqueIdentifier>{522a6083-2c98-45c4-8dec-ec32f0834ae9}</UniqueIdentifier>
    </Filter>
    <Filter Include="GraphicLib\inc">
      <UniqueIdentifier>{f8b95676-9980-4e82-8a4a-4772c520568b}</UniqueIdentifier>
    </Filter>
    <Filter Include="Geometry\inc">
      <UniqueIdentifier>{4daf1180-a4be-4867-bfec-6da6a75c0f3d}</UniqueIdentifier>
    </Filter>
    <Filter Include="Simulator\WinGDI">
      <UniqueIdentifier>{badaf33e-3199-43b5-8c5f-48870a4c52ea}</UniqueIdentifier>
    </Filter>
    <Filter Include="header">
      <UniqueIdentifier>{93995380-89BD-4b04-88EB-625FBE52EBFB}</UniqueIdentifier>
      <Extensions>h;hh;hpp;hxx;hm;inl;inc;xsd</Extensions>
    </Filter>
    <Filter Include="source">
      <UniqueIdentifier>{4FC737F1-C7A5-4376-A066-2A32D752A2FF}</UniqueIdentifier>
      <Extensions>cpp;c;cc;cxx;def;odl;idl;hpj;bat;asm;asmx</Extensions>
    </Filter>
    <Filter Include="resources">
      <UniqueIdentifier>{67DA6AB6-F800-4c08-8B7A-83BB121AAD01}</UniqueIdentifier>
      <Extensions>rc;ico;cur;bmp;dlg;rc2;rct;bin;rgs;gif;jpg;jpeg;jpe;resx;tiff;tif;png;wav;mfcribbon-ms</Extensions>
    </Filter>
  </ItemGroup>
  <ItemGroup>
    <ClInclude Include="src\Utilities.h">
      <Filter>header</Filter>
    </ClInclude>
    <ClInclude Include="src\Timer.h">
      <Filter>Simulator\ViewWindow</Filter>
    </ClInclude>
    <ClInclude Include="src\WinViewer.h">
      <Filter>Simulator\ViewWindow</Filter>
    </ClInclude>
    <ClInclude Include="src\RPhoton.h">
      <Filter>Simulator\inc</Filter>
    </ClInclude>
    <ClInclude Include="src\RPhotonEngine.h">
      <Filter>Simulator\inc</Filter>
    </ClInclude>
    <ClInclude Include="src\Simulator.h">
      <Filter>Simulator\inc</Filter>
    </ClInclude>
    <ClInclude Include="src\Camera.h">
      <Filter>Scene\inc</Filter>
    </ClInclude>
    <ClInclude Include="src\Renderer.h">
      <Filter>Scene\inc</Filter>
    </ClInclude>
    <ClInclude Include="src\Scene.h">
      <Filter>Scene\inc</Filter>
    </ClInclude>
    <ClInclude Include="src\Material.h">
      <Filter>Material\inc</Filter>
    </ClInclude>
    <ClInclude Include="src\Light.h">
      <Filter>Light\inc</Filter>
    </ClInclude>
    <ClInclude Include="src\PointLight.h">
      <Filter>Light\inc</Filter>
    </ClInclude>
    <ClInclude Include="GraphicLib\Color.h">
      <Filter>GraphicLib\inc</Filter>
    </ClInclude>
    <ClInclude Include="GraphicLib\Maths.h">
      <Filter>GraphicLib\inc</Filter>
    </ClInclude>
    <ClInclude Include="GraphicLib\Matrix4x4.h">
      <Filter>GraphicLib\inc</Filter>
    </ClInclude>
    <ClInclude Include="GraphicLib\Normal.h">
      <Filter>GraphicLib\inc</Filter>
    </ClInclude>
    <ClInclude Include="GraphicLib\Point.h">
      <Filter>GraphicLib\inc</Filter>
    </ClInclude>
    <ClInclude Include="GraphicLib\Ray.h">
      <Filter>GraphicLib\inc</Filter>
    </ClInclude>
    <ClInclude Include="src\Geometry.h">
      <Filter>Geometry\inc</Filter>
    </ClInclude>
    <ClInclude Include="src\Mesh.h">
      <Filter>Geometry\inc</Filter>
    </ClInclude>
    <ClInclude Include="src\Sphere.h">
      <Filter>Geometry\inc</Filter>
    </ClInclude>
    <ClInclude Include="src\Triangle.h">
      <Filter>Geometry\inc</Filter>
    </ClInclude>
    <ClInclude Include="src\Cube.h">
      <Filter>Geometry\inc</Filter>
    </ClInclude>
    <ClInclude Include="WinGDI\WinGDI.h">
      <Filter>Simulator\WinGDI</Filter>
    </ClInclude>
    <ClInclude Include="src\Texture.h">
      <Filter>Material\inc</Filter>
    </ClInclude>
    <ClInclude Include="src\ShadingInfo.h">
      <Filter>Scene\inc</Filter>
    </ClInclude>
    <ClInclude Include="GraphicLib\Vector3.h">
      <Filter>GraphicLib\inc</Filter>
    </ClInclude>
    <ClInclude Include="GraphicLib\Vector2.h">
      <Filter>GraphicLib\inc</Filter>
    </ClInclude>
    <ClInclude Include="GraphicLib\Vertex.h">
      <Filter>GraphicLib\inc</Filter>
    </ClInclude>
    <ClInclude Include="GraphicLib\AABB.h">
      <Filter>GraphicLib\inc</Filter>
    </ClInclude>
  </ItemGroup>
  <ItemGroup>
    <ClCompile Include="WinMain.cpp">
      <Filter>source</Filter>
    </ClCompile>
    <ClCompile Include="src\Timer.cpp">
      <Filter>Simulator\ViewWindow</Filter>
    </ClCompile>
    <ClCompile Include="src\WinViewer.cpp">
      <Filter>Simulator\ViewWindow</Filter>
    </ClCompile>
    <ClCompile Include="src\Geometry.cpp">
      <Filter>Geometry</Filter>
    </ClCompile>
    <ClCompile Include="src\Sphere.cpp">
      <Filter>Geometry</Filter>
    </ClCompile>
    <ClCompile Include="src\Triangle.cpp">
      <Filter>Geometry</Filter>
    </ClCompile>
    <ClCompile Include="GraphicLib\Color.cpp">
      <Filter>GraphicLib</Filter>
    </ClCompile>
    <ClCompile Include="GraphicLib\Normal.cpp">
      <Filter>GraphicLib</Filter>
    </ClCompile>
    <ClCompile Include="GraphicLib\Point.cpp">
      <Filter>GraphicLib</Filter>
    </ClCompile>
    <ClCompile Include="src\Light.cpp">
      <Filter>Light</Filter>
    </ClCompile>
    <ClCompile Include="src\PointLight.cpp">
      <Filter>Light</Filter>
    </ClCompile>
    <ClCompile Include="src\Material.cpp">
      <Filter>Material</Filter>
    </ClCompile>
    <ClCompile Include="src\Camera.cpp">
      <Filter>Scene</Filter>
    </ClCompile>
    <ClCompile Include="src\Renderer.cpp">
      <Filter>Scene</Filter>
    </ClCompile>
    <ClCompile Include="src\Scene.cpp">
      <Filter>Scene</Filter>
    </ClCompile>
    <ClCompile Include="src\MsgLoop.cpp">
      <Filter>Simulator</Filter>
    </ClCompile>
    <ClCompile Include="src\RPhoton.cpp">
      <Filter>Simulator</Filter>
    </ClCompile>
    <ClCompile Include="src\RPhotonEngine.cpp">
      <Filter>Simulator</Filter>
    </ClCompile>
    <ClCompile Include="src\Simulator.cpp">
      <Filter>Simulator</Filter>
    </ClCompile>
    <ClCompile Include="src\Cube.cpp">
      <Filter>Geometry</Filter>
    </ClCompile>
    <ClCompile Include="WinGDI\WinGDI.cpp">
      <Filter>Simulator\WinGDI</Filter>
    </ClCompile>
    <ClCompile Include="src\Mesh.cpp">
      <Filter>Geometry</Filter>
    </ClCompile>
    <ClCompile Include="src\Texture.cpp">
      <Filter>Material</Filter>
    </ClCompile>
    <ClCompile Include="src\ShadingInfo.cpp">
      <Filter>Scene</Filter>
    </ClCompile>
    <ClCompile Include="GraphicLib\Vector3.cpp">
      <Filter>GraphicLib</Filter>
    </ClCompile>
  </ItemGroup>
  <ItemGroup>
    <None Include="..\README.md">
      <Filter>resources</Filter>
    </None>
  </ItemGroup>
</Project>